
Microsoft Visual Studio Solution File, Format Version 12.00
# Visual Studio Version 17
VisualStudioVersion = 17.5.002.0
MinimumVisualStudioVersion = 10.0.40219.1
Project("{9A19103F-16F7-4668-BE54-9A1E7A4F7556}") = "1", "day1\1\1.csproj", "{5C101985-D710-4F97-96C4-314015F6D742}"
EndProject
Project("{2150E333-8FDC-42A3-9474-1A3956D46DE8}") = "day1", "day1", "{B35B9697-BC67-41D4-83B6-0E746555E835}"
EndProject
Project("{FAE04EC0-301F-11D3-BF4B-00C04F79EFBC}") = "2", "day1\2\2.csproj", "{9116DF60-7A78-4CFC-8785-DD75D4244778}"
EndProject
Project("{FAE04EC0-301F-11D3-BF4B-00C04F79EFBC}") = "day2", "day2\day2.csproj", "{1B8A9B95-D221-4EDD-A381-B59B253087F5}"
EndProject
Project("{FAE04EC0-301F-11D3-BF4B-00C04F79EFBC}") = "day3", "day3\day3.csproj", "{3D06D67A-DD27-4BE6-817A-242E633B10AC}"
EndProject
Project("{FAE04EC0-301F-11D3-BF4B-00C04F79EFBC}") = "day4", "day4\day4.csproj", "{CA22EA4D-8B32-4FA7-BB50-BAC966C2B305}"
EndProject
Project("{FAE04EC0-301F-11D3-BF4B-00C04F79EFBC}") = "day5", "day5\day5.csproj", "{6875B8A6-8C3B-4617-9AC6-29BC79C6C0BC}"
EndProject
Project("{FAE04EC0-301F-11D3-BF4B-00C04F79EFBC}") = "day6", "day6\day6.csproj", "{01AFB9F4-FCEF-4220-B4EA-E7A816490FF8}"
EndProject
Project("{FAE04EC0-301F-11D3-BF4B-00C04F79EFBC}") = "day7", "day7\day7.csproj", "{03439AFA-C959-49E2-9869-B408ADFC485E}"
EndProject
Project("{FAE04EC0-301F-11D3-BF4B-00C04F79EFBC}") = "day8", "day8\day8.csproj", "{FD1358DB-F609-408D-A5E5-9AD96E9C2CB0}"
EndProject
Project("{FAE04EC0-301F-11D3-BF4B-00C04F79EFBC}") = "day9", "day9\day9.csproj", "{DF5B8737-C24C-4317-B76D-CB2D463C2998}"
EndProject
Project("{FAE04EC0-301F-11D3-BF4B-00C04F79EFBC}") = "day11", "day11\day11.csproj", "{88AF8B60-0FA0-4992-A8D8-1FBCEF090963}"
EndProject
Project("{FAE04EC0-301F-11D3-BF4B-00C04F79EFBC}") = "day10", "day10\day10.csproj", "{45EFEBE2-3B8C-4623-A04D-CA530CB754EF}"
EndProject
Project("{FAE04EC0-301F-11D3-BF4B-00C04F79EFBC}") = "day12", "day12\day12.csproj", "{A7EAF904-0EDF-422A-B1EC-997528672D58}"
EndProject
Project("{FAE04EC0-301F-11D3-BF4B-00C04F79EFBC}") = "day13", "day13\day13.csproj", "{D94CB817-2073-4845-9744-14FE5A90F218}"
EndProject
Global
	GlobalSection(SolutionConfigurationPlatforms) = preSolution
		Debug|Any CPU = Debug|Any CPU
		Release|Any CPU = Release|Any CPU
	EndGlobalSection
	GlobalSection(ProjectConfigurationPlatforms) = postSolution
		{5C101985-D710-4F97-96C4-314015F6D742}.Debug|Any CPU.ActiveCfg = Debug|Any CPU
		{5C101985-D710-4F97-96C4-314015F6D742}.Debug|Any CPU.Build.0 = Debug|Any CPU
		{5C101985-D710-4F97-96C4-314015F6D742}.Release|Any CPU.ActiveCfg = Release|Any CPU
		{5C101985-D710-4F97-96C4-314015F6D742}.Release|Any CPU.Build.0 = Release|Any CPU
		{9116DF60-7A78-4CFC-8785-DD75D4244778}.Debug|Any CPU.ActiveCfg = Debug|Any CPU
		{9116DF60-7A78-4CFC-8785-DD75D4244778}.Debug|Any CPU.Build.0 = Debug|Any CPU
		{9116DF60-7A78-4CFC-8785-DD75D4244778}.Release|Any CPU.ActiveCfg = Release|Any CPU
		{9116DF60-7A78-4CFC-8785-DD75D4244778}.Release|Any CPU.Build.0 = Release|Any CPU
		{1B8A9B95-D221-4EDD-A381-B59B253087F5}.Debug|Any CPU.ActiveCfg = Debug|Any CPU
		{1B8A9B95-D221-4EDD-A381-B59B253087F5}.Debug|Any CPU.Build.0 = Debug|Any CPU
		{1B8A9B95-D221-4EDD-A381-B59B253087F5}.Release|Any CPU.ActiveCfg = Release|Any CPU
		{1B8A9B95-D221-4EDD-A381-B59B253087F5}.Release|Any CPU.Build.0 = Release|Any CPU
		{3D06D67A-DD27-4BE6-817A-242E633B10AC}.Debug|Any CPU.ActiveCfg = Debug|Any CPU
		{3D06D67A-DD27-4BE6-817A-242E633B10AC}.Debug|Any CPU.Build.0 = Debug|Any CPU
		{3D06D67A-DD27-4BE6-817A-242E633B10AC}.Release|Any CPU.ActiveCfg = Release|Any CPU
		{3D06D67A-DD27-4BE6-817A-242E633B10AC}.Release|Any CPU.Build.0 = Release|Any CPU
		{CA22EA4D-8B32-4FA7-BB50-BAC966C2B305}.Debug|Any CPU.ActiveCfg = Debug|Any CPU
		{CA22EA4D-8B32-4FA7-BB50-BAC966C2B305}.Debug|Any CPU.Build.0 = Debug|Any CPU
		{CA22EA4D-8B32-4FA7-BB50-BAC966C2B305}.Release|Any CPU.ActiveCfg = Release|Any CPU
		{CA22EA4D-8B32-4FA7-BB50-BAC966C2B305}.Release|Any CPU.Build.0 = Release|Any CPU
		{6875B8A6-8C3B-4617-9AC6-29BC79C6C0BC}.Debug|Any CPU.ActiveCfg = Debug|Any CPU
		{6875B8A6-8C3B-4617-9AC6-29BC79C6C0BC}.Debug|Any CPU.Build.0 = Debug|Any CPU
		{6875B8A6-8C3B-4617-9AC6-29BC79C6C0BC}.Release|Any CPU.ActiveCfg = Release|Any CPU
		{6875B8A6-8C3B-4617-9AC6-29BC79C6C0BC}.Release|Any CPU.Build.0 = Release|Any CPU
		{01AFB9F4-FCEF-4220-B4EA-E7A816490FF8}.Debug|Any CPU.ActiveCfg = Debug|Any CPU
		{01AFB9F4-FCEF-4220-B4EA-E7A816490FF8}.Debug|Any CPU.Build.0 = Debug|Any CPU
		{01AFB9F4-FCEF-4220-B4EA-E7A816490FF8}.Release|Any CPU.ActiveCfg = Release|Any CPU
		{01AFB9F4-FCEF-4220-B4EA-E7A816490FF8}.Release|Any CPU.Build.0 = Release|Any CPU
		{03439AFA-C959-49E2-9869-B408ADFC485E}.Debug|Any CPU.ActiveCfg = Debug|Any CPU
		{03439AFA-C959-49E2-9869-B408ADFC485E}.Debug|Any CPU.Build.0 = Debug|Any CPU
		{03439AFA-C959-49E2-9869-B408ADFC485E}.Release|Any CPU.ActiveCfg = Release|Any CPU
		{03439AFA-C959-49E2-9869-B408ADFC485E}.Release|Any CPU.Build.0 = Release|Any CPU
		{FD1358DB-F609-408D-A5E5-9AD96E9C2CB0}.Debug|Any CPU.ActiveCfg = Debug|Any CPU
		{FD1358DB-F609-408D-A5E5-9AD96E9C2CB0}.Debug|Any CPU.Build.0 = Debug|Any CPU
		{FD1358DB-F609-408D-A5E5-9AD96E9C2CB0}.Release|Any CPU.ActiveCfg = Release|Any CPU
		{FD1358DB-F609-408D-A5E5-9AD96E9C2CB0}.Release|Any CPU.Build.0 = Release|Any CPU
		{DF5B8737-C24C-4317-B76D-CB2D463C2998}.Debug|Any CPU.ActiveCfg = Debug|Any CPU
		{DF5B8737-C24C-4317-B76D-CB2D463C2998}.Debug|Any CPU.Build.0 = Debug|Any CPU
		{DF5B8737-C24C-4317-B76D-CB2D463C2998}.Release|Any CPU.ActiveCfg = Release|Any CPU
		{DF5B8737-C24C-4317-B76D-CB2D463C2998}.Release|Any CPU.Build.0 = Release|Any CPU
		{88AF8B60-0FA0-4992-A8D8-1FBCEF090963}.Debug|Any CPU.ActiveCfg = Debug|Any CPU
		{88AF8B60-0FA0-4992-A8D8-1FBCEF090963}.Debug|Any CPU.Build.0 = Debug|Any CPU
		{88AF8B60-0FA0-4992-A8D8-1FBCEF090963}.Release|Any CPU.ActiveCfg = Release|Any CPU
		{88AF8B60-0FA0-4992-A8D8-1FBCEF090963}.Release|Any CPU.Build.0 = Release|Any CPU
		{45EFEBE2-3B8C-4623-A04D-CA530CB754EF}.Debug|Any CPU.ActiveCfg = Debug|Any CPU
		{45EFEBE2-3B8C-4623-A04D-CA530CB754EF}.Debug|Any CPU.Build.0 = Debug|Any CPU
		{45EFEBE2-3B8C-4623-A04D-CA530CB754EF}.Release|Any CPU.ActiveCfg = Release|Any CPU
		{45EFEBE2-3B8C-4623-A04D-CA530CB754EF}.Release|Any CPU.Build.0 = Release|Any CPU
		{A7EAF904-0EDF-422A-B1EC-997528672D58}.Debug|Any CPU.ActiveCfg = Debug|Any CPU
		{A7EAF904-0EDF-422A-B1EC-997528672D58}.Debug|Any CPU.Build.0 = Debug|Any CPU
		{A7EAF904-0EDF-422A-B1EC-997528672D58}.Release|Any CPU.ActiveCfg = Release|Any CPU
		{A7EAF904-0EDF-422A-B1EC-997528672D58}.Release|Any CPU.Build.0 = Release|Any CPU
		{D94CB817-2073-4845-9744-14FE5A90F218}.Debug|Any CPU.ActiveCfg = Debug|Any CPU
		{D94CB817-2073-4845-9744-14FE5A90F218}.Debug|Any CPU.Build.0 = Debug|Any CPU
		{D94CB817-2073-4845-9744-14FE5A90F218}.Release|Any CPU.ActiveCfg = Release|Any CPU
		{D94CB817-2073-4845-9744-14FE5A90F218}.Release|Any CPU.Build.0 = Release|Any CPU
	EndGlobalSection
	GlobalSection(SolutionProperties) = preSolution
		HideSolutionNode = FALSE
	EndGlobalSection
	GlobalSection(ExtensibilityGlobals) = postSolution
		SolutionGuid = {8870CE43-3FDC-4B35-8ADC-860140D2BD95}
	EndGlobalSection
	GlobalSection(NestedProjects) = preSolution
		{9116DF60-7A78-4CFC-8785-DD75D4244778} = {B35B9697-BC67-41D4-83B6-0E746555E835}
	EndGlobalSection
EndGlobal
