
Microsoft Visual Studio Solution File, Format Version 12.00
# Visual Studio Version 17
VisualStudioVersion = 17.5.002.0
MinimumVisualStudioVersion = 10.0.40219.1
Project("{9A19103F-16F7-4668-BE54-9A1E7A4F7556}") = "day9", "day9.csproj", "{CBF584D1-F3A8-477B-BC6F-FE8AAB8179DF}"
EndProject
Global
	GlobalSection(SolutionConfigurationPlatforms) = preSolution
		Debug|Any CPU = Debug|Any CPU
		Release|Any CPU = Release|Any CPU
	EndGlobalSection
	GlobalSection(ProjectConfigurationPlatforms) = postSolution
		{CBF584D1-F3A8-477B-BC6F-FE8AAB8179DF}.Debug|Any CPU.ActiveCfg = Debug|Any CPU
		{CBF584D1-F3A8-477B-BC6F-FE8AAB8179DF}.Debug|Any CPU.Build.0 = Debug|Any CPU
		{CBF584D1-F3A8-477B-BC6F-FE8AAB8179DF}.Release|Any CPU.ActiveCfg = Release|Any CPU
		{CBF584D1-F3A8-477B-BC6F-FE8AAB8179DF}.Release|Any CPU.Build.0 = Release|Any CPU
	EndGlobalSection
	GlobalSection(SolutionProperties) = preSolution
		HideSolutionNode = FALSE
	EndGlobalSection
	GlobalSection(ExtensibilityGlobals) = postSolution
		SolutionGuid = {8D17E841-D506-49E8-AE03-58007A019897}
	EndGlobalSection
EndGlobal
